
Microsoft Visual Studio Solution File, Format Version 12.00
# Visual Studio Version 17
VisualStudioVersion = 17.3.32922.545
MinimumVisualStudioVersion = 10.0.40219.1
Project("{8BC9CEB8-8B4A-11D0-8D11-00A0C91BC942}") = "prog", "prog\prog.vcxproj", "{6A2598D1-32A6-4C0D-AE6F-37E29319A6C9}"
EndProject
Global
	GlobalSection(SolutionConfigurationPlatforms) = preSolution
		Debug|x64 = Debug|x64
		Debug|x86 = Debug|x86
		Release|x64 = Release|x64
		Release|x86 = Release|x86
	EndGlobalSection
	GlobalSection(ProjectConfigurationPlatforms) = postSolution
		{6A2598D1-32A6-4C0D-AE6F-37E29319A6C9}.Debug|x64.ActiveCfg = Debug|x64
		{6A2598D1-32A6-4C0D-AE6F-37E29319A6C9}.Debug|x64.Build.0 = Debug|x64
		{6A2598D1-32A6-4C0D-AE6F-37E29319A6C9}.Debug|x86.ActiveCfg = Debug|Win32
		{6A2598D1-32A6-4C0D-AE6F-37E29319A6C9}.Debug|x86.Build.0 = Debug|Win32
		{6A2598D1-32A6-4C0D-AE6F-37E29319A6C9}.Release|x64.ActiveCfg = Release|x64
		{6A2598D1-32A6-4C0D-AE6F-37E29319A6C9}.Release|x64.Build.0 = Release|x64
		{6A2598D1-32A6-4C0D-AE6F-37E29319A6C9}.Release|x86.ActiveCfg = Release|Win32
		{6A2598D1-32A6-4C0D-AE6F-37E29319A6C9}.Release|x86.Build.0 = Release|Win32
	EndGlobalSection
	GlobalSection(SolutionProperties) = preSolution
		HideSolutionNode = FALSE
	EndGlobalSection
	GlobalSection(ExtensibilityGlobals) = postSolution
		SolutionGuid = {7471F6C8-A4E6-4A84-8B89-5FD8090E9D2F}
	EndGlobalSection
EndGlobal
